
Microsoft Visual Studio Solution File, Format Version 12.00
# Visual Studio 2012
Project("{8BC9CEB8-8B4A-11D0-8D11-00A0C91BC942}") = "UnitTests", "UnitTests\UnitTests.vcxproj", "{7AA1AFFE-B9E9-4222-80BE-C5AF1D80D599}"
EndProject
Project("{8BC9CEB8-8B4A-11D0-8D11-00A0C91BC942}") = "gvController", "gvController\gvController.vcxproj", "{6FDCE07D-3CEF-4552-B5B6-5C5D5DEB46EF}"
EndProject
Project("{8BC9CEB8-8B4A-11D0-8D11-00A0C91BC942}") = "gvEngine", "gvEngine\gvEngine.vcxproj", "{B3DF0CEB-E913-4A0F-8A22-44476D6606DC}"
EndProject
Project("{8BC9CEB8-8B4A-11D0-8D11-00A0C91BC942}") = "gvModel", "gvModel\gvModel.vcxproj", "{1CEF1409-52C9-4C7B-940C-C4E2022F51CE}"
EndProject
Project("{8BC9CEB8-8B4A-11D0-8D11-00A0C91BC942}") = "Starter", "Starter\Starter.vcxproj", "{89663E99-C0BB-403B-84F0-A46B0A9EB4BD}"
EndProject
Project("{8BC9CEB8-8B4A-11D0-8D11-00A0C91BC942}") = "Common", "Common\Common.vcxproj", "{747D8198-88F4-4330-AC74-BAF362E9BE8E}"
EndProject
Project("{8BC9CEB8-8B4A-11D0-8D11-00A0C91BC942}") = "gv3DController", "gv3DController\gv3DController.vcxproj", "{5782F7AB-DDB9-405E-816A-79855F705D3A}"
EndProject
Project("{8BC9CEB8-8B4A-11D0-8D11-00A0C91BC942}") = "TestDll", "TestDll\TestDll.vcxproj", "{E78EF895-4546-43EB-A238-744DCC075489}"
EndProject
Project("{8BC9CEB8-8B4A-11D0-8D11-00A0C91BC942}") = "ConsoleStarter", "ConsoleStarter\ConsoleStarter.vcxproj", "{6641A03A-AAB2-456F-8247-71457DA275C1}"
	ProjectSection(ProjectDependencies) = postProject
		{5782F7AB-DDB9-405E-816A-79855F705D3A} = {5782F7AB-DDB9-405E-816A-79855F705D3A}
	EndProjectSection
EndProject
Project("{8BC9CEB8-8B4A-11D0-8D11-00A0C91BC942}") = "gvViewModel", "gvViewModel\gvViewModel.vcxproj", "{5EC449BF-BA6A-4D77-AC2F-E3501FF75E63}"
EndProject
Project("{8BC9CEB8-8B4A-11D0-8D11-00A0C91BC942}") = "gvView", "gvView\gvView.vcxproj", "{05AF26D6-6FA9-400A-9D45-E89C99253782}"
EndProject
Project("{8BC9CEB8-8B4A-11D0-8D11-00A0C91BC942}") = "gvModelUnitTests", "gvModelUnitTests\gvModelUnitTests.vcxproj", "{B1652C3F-6613-49BD-B8D0-0FBDA68D84F2}"
EndProject
Global
	GlobalSection(SolutionConfigurationPlatforms) = preSolution
		Debug|Win32 = Debug|Win32
		Release|Win32 = Release|Win32
	EndGlobalSection
	GlobalSection(ProjectConfigurationPlatforms) = postSolution
		{7AA1AFFE-B9E9-4222-80BE-C5AF1D80D599}.Debug|Win32.ActiveCfg = Debug|Win32
		{7AA1AFFE-B9E9-4222-80BE-C5AF1D80D599}.Debug|Win32.Build.0 = Debug|Win32
		{7AA1AFFE-B9E9-4222-80BE-C5AF1D80D599}.Release|Win32.ActiveCfg = Release|Win32
		{7AA1AFFE-B9E9-4222-80BE-C5AF1D80D599}.Release|Win32.Build.0 = Release|Win32
		{6FDCE07D-3CEF-4552-B5B6-5C5D5DEB46EF}.Debug|Win32.ActiveCfg = Debug|Win32
		{6FDCE07D-3CEF-4552-B5B6-5C5D5DEB46EF}.Debug|Win32.Build.0 = Debug|Win32
		{6FDCE07D-3CEF-4552-B5B6-5C5D5DEB46EF}.Release|Win32.ActiveCfg = Release|Win32
		{6FDCE07D-3CEF-4552-B5B6-5C5D5DEB46EF}.Release|Win32.Build.0 = Release|Win32
		{B3DF0CEB-E913-4A0F-8A22-44476D6606DC}.Debug|Win32.ActiveCfg = Debug|Win32
		{B3DF0CEB-E913-4A0F-8A22-44476D6606DC}.Debug|Win32.Build.0 = Debug|Win32
		{B3DF0CEB-E913-4A0F-8A22-44476D6606DC}.Release|Win32.ActiveCfg = Release|Win32
		{B3DF0CEB-E913-4A0F-8A22-44476D6606DC}.Release|Win32.Build.0 = Release|Win32
		{1CEF1409-52C9-4C7B-940C-C4E2022F51CE}.Debug|Win32.ActiveCfg = Debug|Win32
		{1CEF1409-52C9-4C7B-940C-C4E2022F51CE}.Debug|Win32.Build.0 = Debug|Win32
		{1CEF1409-52C9-4C7B-940C-C4E2022F51CE}.Release|Win32.ActiveCfg = Release|Win32
		{1CEF1409-52C9-4C7B-940C-C4E2022F51CE}.Release|Win32.Build.0 = Release|Win32
		{89663E99-C0BB-403B-84F0-A46B0A9EB4BD}.Debug|Win32.ActiveCfg = Debug|Win32
		{89663E99-C0BB-403B-84F0-A46B0A9EB4BD}.Debug|Win32.Build.0 = Debug|Win32
		{89663E99-C0BB-403B-84F0-A46B0A9EB4BD}.Release|Win32.ActiveCfg = Release|Win32
		{89663E99-C0BB-403B-84F0-A46B0A9EB4BD}.Release|Win32.Build.0 = Release|Win32
		{747D8198-88F4-4330-AC74-BAF362E9BE8E}.Debug|Win32.ActiveCfg = Debug|Win32
		{747D8198-88F4-4330-AC74-BAF362E9BE8E}.Debug|Win32.Build.0 = Debug|Win32
		{747D8198-88F4-4330-AC74-BAF362E9BE8E}.Release|Win32.ActiveCfg = Release|Win32
		{747D8198-88F4-4330-AC74-BAF362E9BE8E}.Release|Win32.Build.0 = Release|Win32
		{5782F7AB-DDB9-405E-816A-79855F705D3A}.Debug|Win32.ActiveCfg = Debug|Win32
		{5782F7AB-DDB9-405E-816A-79855F705D3A}.Debug|Win32.Build.0 = Debug|Win32
		{5782F7AB-DDB9-405E-816A-79855F705D3A}.Release|Win32.ActiveCfg = Release|Win32
		{5782F7AB-DDB9-405E-816A-79855F705D3A}.Release|Win32.Build.0 = Release|Win32
		{E78EF895-4546-43EB-A238-744DCC075489}.Debug|Win32.ActiveCfg = Debug|Win32
		{E78EF895-4546-43EB-A238-744DCC075489}.Debug|Win32.Build.0 = Debug|Win32
		{E78EF895-4546-43EB-A238-744DCC075489}.Release|Win32.ActiveCfg = Release|Win32
		{E78EF895-4546-43EB-A238-744DCC075489}.Release|Win32.Build.0 = Release|Win32
		{6641A03A-AAB2-456F-8247-71457DA275C1}.Debug|Win32.ActiveCfg = Debug|Win32
		{6641A03A-AAB2-456F-8247-71457DA275C1}.Debug|Win32.Build.0 = Debug|Win32
		{6641A03A-AAB2-456F-8247-71457DA275C1}.Release|Win32.ActiveCfg = Release|Win32
		{6641A03A-AAB2-456F-8247-71457DA275C1}.Release|Win32.Build.0 = Release|Win32
		{5EC449BF-BA6A-4D77-AC2F-E3501FF75E63}.Debug|Win32.ActiveCfg = Debug|Win32
		{5EC449BF-BA6A-4D77-AC2F-E3501FF75E63}.Debug|Win32.Build.0 = Debug|Win32
		{5EC449BF-BA6A-4D77-AC2F-E3501FF75E63}.Release|Win32.ActiveCfg = Release|Win32
		{5EC449BF-BA6A-4D77-AC2F-E3501FF75E63}.Release|Win32.Build.0 = Release|Win32
		{05AF26D6-6FA9-400A-9D45-E89C99253782}.Debug|Win32.ActiveCfg = Debug|Win32
		{05AF26D6-6FA9-400A-9D45-E89C99253782}.Debug|Win32.Build.0 = Debug|Win32
		{05AF26D6-6FA9-400A-9D45-E89C99253782}.Release|Win32.ActiveCfg = Release|Win32
		{05AF26D6-6FA9-400A-9D45-E89C99253782}.Release|Win32.Build.0 = Release|Win32
		{B1652C3F-6613-49BD-B8D0-0FBDA68D84F2}.Debug|Win32.ActiveCfg = Debug|Win32
		{B1652C3F-6613-49BD-B8D0-0FBDA68D84F2}.Debug|Win32.Build.0 = Debug|Win32
		{B1652C3F-6613-49BD-B8D0-0FBDA68D84F2}.Release|Win32.ActiveCfg = Release|Win32
		{B1652C3F-6613-49BD-B8D0-0FBDA68D84F2}.Release|Win32.Build.0 = Release|Win32
	EndGlobalSection
	GlobalSection(SolutionProperties) = preSolution
		HideSolutionNode = FALSE
	EndGlobalSection
EndGlobal
