<?xml version="1.0" encoding="utf-8"?>
<Project ToolsVersion="4.0" xmlns="http://schemas.microsoft.com/developer/msbuild/2003">
  <ItemGroup>
    <Filter Include="Resource Files">
      <UniqueIdentifier>{67DA6AB6-F800-4c08-8B7A-83BB121AAD01}</UniqueIdentifier>
      <Extensions>rc;ico;cur;bmp;dlg;rc2;rct;bin;rgs;gif;jpg;jpeg;jpe;resx;tiff;tif;png;wav;mfcribbon-ms</Extensions>
    </Filter>
    <Filter Include="Logic">
      <UniqueIdentifier>{bbd9278b-062d-404a-a5a8-b188ddd7fddb}</UniqueIdentifier>
    </Filter>
    <Filter Include="Data">
      <UniqueIdentifier>{a6b2bc60-832a-4f91-b1ac-63debdfe6ed1}</UniqueIdentifier>
    </Filter>
  </ItemGroup>
  <ItemGroup>
    <Text Include="ReadMe.txt" />
  </ItemGroup>
  <ItemGroup>
    <ClCompile Include="PlanElement.cpp">
      <Filter>Data</Filter>
    </ClCompile>
    <ClCompile Include="Point.cpp">
      <Filter>Data</Filter>
    </ClCompile>
    <ClCompile Include="Figure.cpp">
      <Filter>Data</Filter>
    </ClCompile>
  </ItemGroup>
  <ItemGroup>
    <ClInclude Include="PlanElement.h">
      <Filter>Data</Filter>
    </ClInclude>
    <ClInclude Include="Point.h">
      <Filter>Data</Filter>
    </ClInclude>
    <ClInclude Include="Figure.h">
      <Filter>Data</Filter>
    </ClInclude>
    <ClInclude Include="Plan.h">
      <Filter>Data</Filter>
    </ClInclude>
    <ClInclude Include="Camera.h">
      <Filter>Data</Filter>
    </ClInclude>
  </ItemGroup>
  <ItemGroup>
    <None Include="ClassDiagram.cd" />
  </ItemGroup>
</Project>